
Microsoft Visual Studio Solution File, Format Version 12.00
# Visual Studio Version 17
VisualStudioVersion = 17.11.35312.102
MinimumVisualStudioVersion = 10.0.40219.1
Project("{FAE04EC0-301F-11D3-BF4B-00C04F79EFBC}") = "GitLib", "GitLib\GitLib.csproj", "{09423C6C-74EC-4802-8934-43508EDEBB19}"
EndProject
Project("{FAE04EC0-301F-11D3-BF4B-00C04F79EFBC}") = "Push", "Push\Push.csproj", "{EA4F6BAB-AA60-4A53-BD35-3592804D958B}"
EndProject
Global
	GlobalSection(SolutionConfigurationPlatforms) = preSolution
		Debug|Any CPU = Debug|Any CPU
		Release|Any CPU = Release|Any CPU
	EndGlobalSection
	GlobalSection(ProjectConfigurationPlatforms) = postSolution
		{09423C6C-74EC-4802-8934-43508EDEBB19}.Debug|Any CPU.ActiveCfg = Debug|Any CPU
		{09423C6C-74EC-4802-8934-43508EDEBB19}.Debug|Any CPU.Build.0 = Debug|Any CPU
		{09423C6C-74EC-4802-8934-43508EDEBB19}.Release|Any CPU.ActiveCfg = Release|Any CPU
		{09423C6C-74EC-4802-8934-43508EDEBB19}.Release|Any CPU.Build.0 = Release|Any CPU
		{EA4F6BAB-AA60-4A53-BD35-3592804D958B}.Debug|Any CPU.ActiveCfg = Debug|Any CPU
		{EA4F6BAB-AA60-4A53-BD35-3592804D958B}.Debug|Any CPU.Build.0 = Debug|Any CPU
		{EA4F6BAB-AA60-4A53-BD35-3592804D958B}.Release|Any CPU.ActiveCfg = Release|Any CPU
		{EA4F6BAB-AA60-4A53-BD35-3592804D958B}.Release|Any CPU.Build.0 = Release|Any CPU
	EndGlobalSection
	GlobalSection(SolutionProperties) = preSolution
		HideSolutionNode = FALSE
	EndGlobalSection
	GlobalSection(ExtensibilityGlobals) = postSolution
		SolutionGuid = {5BCAF768-A9D7-45A1-BDB8-8EBEB7AD70DF}
	EndGlobalSection
EndGlobal
